
Microsoft Visual Studio Solution File, Format Version 12.00
# Visual Studio Version 17
VisualStudioVersion = 17.14.36705.20 d17.14
MinimumVisualStudioVersion = 10.0.40219.1
Project("{FAE04EC0-301F-11D3-BF4B-00C04F79EFBC}") = "PatternsApp", "PatternsApp\PatternsApp.csproj", "{FF7CFA43-96BA-458F-9F39-98118CA863C3}"
EndProject
Global
	GlobalSection(SolutionConfigurationPlatforms) = preSolution
		Debug|Any CPU = Debug|Any CPU
		Release|Any CPU = Release|Any CPU
	EndGlobalSection
	GlobalSection(ProjectConfigurationPlatforms) = postSolution
		{FF7CFA43-96BA-458F-9F39-98118CA863C3}.Debug|Any CPU.ActiveCfg = Debug|Any CPU
		{FF7CFA43-96BA-458F-9F39-98118CA863C3}.Debug|Any CPU.Build.0 = Debug|Any CPU
		{FF7CFA43-96BA-458F-9F39-98118CA863C3}.Release|Any CPU.ActiveCfg = Release|Any CPU
		{FF7CFA43-96BA-458F-9F39-98118CA863C3}.Release|Any CPU.Build.0 = Release|Any CPU
	EndGlobalSection
	GlobalSection(SolutionProperties) = preSolution
		HideSolutionNode = FALSE
	EndGlobalSection
	GlobalSection(ExtensibilityGlobals) = postSolution
		SolutionGuid = {A64CF567-8990-4DB8-8B1E-01F6598EE57D}
	EndGlobalSection
EndGlobal
