
Microsoft Visual Studio Solution File, Format Version 12.00
# Visual Studio Version 17
VisualStudioVersion = 17.14.36705.20 d17.14
MinimumVisualStudioVersion = 10.0.40219.1
Project("{FAE04EC0-301F-11D3-BF4B-00C04F79EFBC}") = "TeacherPlugin", "TeacherPlugin.csproj", "{B9836934-EB78-9A49-2749-22794DA7BAE4}"
EndProject
Global
	GlobalSection(SolutionConfigurationPlatforms) = preSolution
		Debug|Any CPU = Debug|Any CPU
		Release|Any CPU = Release|Any CPU
	EndGlobalSection
	GlobalSection(ProjectConfigurationPlatforms) = postSolution
		{B9836934-EB78-9A49-2749-22794DA7BAE4}.Debug|Any CPU.ActiveCfg = Debug|Any CPU
		{B9836934-EB78-9A49-2749-22794DA7BAE4}.Debug|Any CPU.Build.0 = Debug|Any CPU
		{B9836934-EB78-9A49-2749-22794DA7BAE4}.Release|Any CPU.ActiveCfg = Release|Any CPU
		{B9836934-EB78-9A49-2749-22794DA7BAE4}.Release|Any CPU.Build.0 = Release|Any CPU
	EndGlobalSection
	GlobalSection(SolutionProperties) = preSolution
		HideSolutionNode = FALSE
	EndGlobalSection
	GlobalSection(ExtensibilityGlobals) = postSolution
		SolutionGuid = {68FED09E-40F3-4A09-89DA-E7ADC30D31E2}
	EndGlobalSection
EndGlobal
